
Microsoft Visual Studio Solution File, Format Version 12.00
# Visual Studio Version 17
VisualStudioVersion = 17.5.002.0
MinimumVisualStudioVersion = 10.0.40219.1
Project("{9A19103F-16F7-4668-BE54-9A1E7A4F7556}") = "DesafioAPI", "DesafioAPI.csproj", "{EC472B3F-BCEE-49D4-AF78-A5BB91CC6814}"
EndProject
Global
	GlobalSection(SolutionConfigurationPlatforms) = preSolution
		Debug|Any CPU = Debug|Any CPU
		Release|Any CPU = Release|Any CPU
	EndGlobalSection
	GlobalSection(ProjectConfigurationPlatforms) = postSolution
		{EC472B3F-BCEE-49D4-AF78-A5BB91CC6814}.Debug|Any CPU.ActiveCfg = Debug|Any CPU
		{EC472B3F-BCEE-49D4-AF78-A5BB91CC6814}.Debug|Any CPU.Build.0 = Debug|Any CPU
		{EC472B3F-BCEE-49D4-AF78-A5BB91CC6814}.Release|Any CPU.ActiveCfg = Release|Any CPU
		{EC472B3F-BCEE-49D4-AF78-A5BB91CC6814}.Release|Any CPU.Build.0 = Release|Any CPU
	EndGlobalSection
	GlobalSection(SolutionProperties) = preSolution
		HideSolutionNode = FALSE
	EndGlobalSection
	GlobalSection(ExtensibilityGlobals) = postSolution
		SolutionGuid = {10E14864-17A4-4630-996E-74E29A140FAB}
	EndGlobalSection
EndGlobal
